
Microsoft Visual Studio Solution File, Format Version 12.00
# Visual Studio Version 17
VisualStudioVersion = 17.1.32328.378
MinimumVisualStudioVersion = 10.0.40219.1
Project("{FAE04EC0-301F-11D3-BF4B-00C04F79EFBC}") = "ToDoListProject", "ToDoListProject\ToDoListProject.csproj", "{482A08D0-F43D-47C4-B60E-56D043B0D0DB}"
EndProject
Global
	GlobalSection(SolutionConfigurationPlatforms) = preSolution
		Debug|Any CPU = Debug|Any CPU
		Release|Any CPU = Release|Any CPU
	EndGlobalSection
	GlobalSection(ProjectConfigurationPlatforms) = postSolution
		{482A08D0-F43D-47C4-B60E-56D043B0D0DB}.Debug|Any CPU.ActiveCfg = Debug|Any CPU
		{482A08D0-F43D-47C4-B60E-56D043B0D0DB}.Debug|Any CPU.Build.0 = Debug|Any CPU
		{482A08D0-F43D-47C4-B60E-56D043B0D0DB}.Release|Any CPU.ActiveCfg = Release|Any CPU
		{482A08D0-F43D-47C4-B60E-56D043B0D0DB}.Release|Any CPU.Build.0 = Release|Any CPU
	EndGlobalSection
	GlobalSection(SolutionProperties) = preSolution
		HideSolutionNode = FALSE
	EndGlobalSection
	GlobalSection(ExtensibilityGlobals) = postSolution
		SolutionGuid = {7F0BF470-B751-4627-BA91-98CF356FCE74}
	EndGlobalSection
EndGlobal
